{
  "originHash" : "4a21ff1bb0c8364c763bf1da609a1d60bf5c031cbce0665704b506df6d3af9a7",
  "pins" : [
    {
      "identity" : "dfns-sdk-swift",
      "kind" : "remoteSourceControl",
      "location" : "https://github.com/dfns/dfns-sdk-swift",
      "state" : {
        "branch" : "m",
        "revision" : "96b0ad2d93d967aa73893ea19f9b7f5b8eccaa98"
      }
    }
  ],
  "version" : 3
}
