{
  "originHash" : "b25b9bdd5f3d8ede4732c43090e82da9f1fa140effc9701bcc556ac3d7a0b3e4",
  "pins" : [
    {
      "identity" : "dfns-sdk-swift",
      "kind" : "remoteSourceControl",
      "location" : "https://github.com/dfns/dfns-sdk-swift",
      "state" : {
        "branch" : "code-review",
        "revision" : "95162878f9cbbd156b362f55f4c8d0d582fa9996"
      }
    }
  ],
  "version" : 3
}
